
Microsoft Visual Studio Solution File, Format Version 12.00
# Visual Studio Version 16
VisualStudioVersion = 16.0.33927.289
MinimumVisualStudioVersion = 10.0.40219.1
Project("{FAE04EC0-301F-11D3-BF4B-00C04F79EFBC}") = "Loops", "Loops\Loops.csproj", "{D929674F-867E-4407-A3C3-9D3DAEF9F831}"
EndProject
Global
	GlobalSection(SolutionConfigurationPlatforms) = preSolution
		Debug|Any CPU = Debug|Any CPU
		Release|Any CPU = Release|Any CPU
	EndGlobalSection
	GlobalSection(ProjectConfigurationPlatforms) = postSolution
		{D929674F-867E-4407-A3C3-9D3DAEF9F831}.Debug|Any CPU.ActiveCfg = Debug|Any CPU
		{D929674F-867E-4407-A3C3-9D3DAEF9F831}.Debug|Any CPU.Build.0 = Debug|Any CPU
		{D929674F-867E-4407-A3C3-9D3DAEF9F831}.Release|Any CPU.ActiveCfg = Release|Any CPU
		{D929674F-867E-4407-A3C3-9D3DAEF9F831}.Release|Any CPU.Build.0 = Release|Any CPU
	EndGlobalSection
	GlobalSection(SolutionProperties) = preSolution
		HideSolutionNode = FALSE
	EndGlobalSection
	GlobalSection(ExtensibilityGlobals) = postSolution
		SolutionGuid = {C2F25C4F-D5C7-4893-AE28-8178E2848043}
	EndGlobalSection
EndGlobal
