
Microsoft Visual Studio Solution File, Format Version 12.00
# Visual Studio Version 16
VisualStudioVersion = 16.0.33927.289
MinimumVisualStudioVersion = 10.0.40219.1
Project("{FAE04EC0-301F-11D3-BF4B-00C04F79EFBC}") = "LAMBDA SUBMISSION", "LAMBDA SUBMISSION\LAMBDA SUBMISSION.csproj", "{722085E1-33E7-4B52-91EF-FC543CAE2635}"
EndProject
Global
	GlobalSection(SolutionConfigurationPlatforms) = preSolution
		Debug|Any CPU = Debug|Any CPU
		Release|Any CPU = Release|Any CPU
	EndGlobalSection
	GlobalSection(ProjectConfigurationPlatforms) = postSolution
		{722085E1-33E7-4B52-91EF-FC543CAE2635}.Debug|Any CPU.ActiveCfg = Debug|Any CPU
		{722085E1-33E7-4B52-91EF-FC543CAE2635}.Debug|Any CPU.Build.0 = Debug|Any CPU
		{722085E1-33E7-4B52-91EF-FC543CAE2635}.Release|Any CPU.ActiveCfg = Release|Any CPU
		{722085E1-33E7-4B52-91EF-FC543CAE2635}.Release|Any CPU.Build.0 = Release|Any CPU
	EndGlobalSection
	GlobalSection(SolutionProperties) = preSolution
		HideSolutionNode = FALSE
	EndGlobalSection
	GlobalSection(ExtensibilityGlobals) = postSolution
		SolutionGuid = {5002243F-9B22-47F0-866D-0FBB3751013C}
	EndGlobalSection
EndGlobal
