
Microsoft Visual Studio Solution File, Format Version 12.00
# Visual Studio Version 16
VisualStudioVersion = 16.0.33927.289
MinimumVisualStudioVersion = 10.0.40219.1
Project("{FAE04EC0-301F-11D3-BF4B-00C04F79EFBC}") = "TRYCATCH ASSIGNMENT", "TRYCATCH ASSIGNMENT\TRYCATCH ASSIGNMENT.csproj", "{2DC6D433-7BC3-4026-8840-54BFFFFED8E9}"
EndProject
Global
	GlobalSection(SolutionConfigurationPlatforms) = preSolution
		Debug|Any CPU = Debug|Any CPU
		Release|Any CPU = Release|Any CPU
	EndGlobalSection
	GlobalSection(ProjectConfigurationPlatforms) = postSolution
		{2DC6D433-7BC3-4026-8840-54BFFFFED8E9}.Debug|Any CPU.ActiveCfg = Debug|Any CPU
		{2DC6D433-7BC3-4026-8840-54BFFFFED8E9}.Debug|Any CPU.Build.0 = Debug|Any CPU
		{2DC6D433-7BC3-4026-8840-54BFFFFED8E9}.Release|Any CPU.ActiveCfg = Release|Any CPU
		{2DC6D433-7BC3-4026-8840-54BFFFFED8E9}.Release|Any CPU.Build.0 = Release|Any CPU
	EndGlobalSection
	GlobalSection(SolutionProperties) = preSolution
		HideSolutionNode = FALSE
	EndGlobalSection
	GlobalSection(ExtensibilityGlobals) = postSolution
		SolutionGuid = {443DE99E-F541-4D74-87F4-C5E0F9F4DA94}
	EndGlobalSection
EndGlobal
