
Microsoft Visual Studio Solution File, Format Version 12.00
# Visual Studio Version 16
VisualStudioVersion = 16.0.33927.289
MinimumVisualStudioVersion = 10.0.40219.1
Project("{FAE04EC0-301F-11D3-BF4B-00C04F79EFBC}") = "DATETIME SUBMISSION", "DATETIME SUBMISSION\DATETIME SUBMISSION.csproj", "{903D7600-3B65-4A30-93FB-DDA81E046FF2}"
EndProject
Global
	GlobalSection(SolutionConfigurationPlatforms) = preSolution
		Debug|Any CPU = Debug|Any CPU
		Release|Any CPU = Release|Any CPU
	EndGlobalSection
	GlobalSection(ProjectConfigurationPlatforms) = postSolution
		{903D7600-3B65-4A30-93FB-DDA81E046FF2}.Debug|Any CPU.ActiveCfg = Debug|Any CPU
		{903D7600-3B65-4A30-93FB-DDA81E046FF2}.Debug|Any CPU.Build.0 = Debug|Any CPU
		{903D7600-3B65-4A30-93FB-DDA81E046FF2}.Release|Any CPU.ActiveCfg = Release|Any CPU
		{903D7600-3B65-4A30-93FB-DDA81E046FF2}.Release|Any CPU.Build.0 = Release|Any CPU
	EndGlobalSection
	GlobalSection(SolutionProperties) = preSolution
		HideSolutionNode = FALSE
	EndGlobalSection
	GlobalSection(ExtensibilityGlobals) = postSolution
		SolutionGuid = {E2D36595-B283-42CE-9331-8AE17DEB8A7B}
	EndGlobalSection
EndGlobal
