
Microsoft Visual Studio Solution File, Format Version 12.00
# Visual Studio Version 16
VisualStudioVersion = 16.0.33927.289
MinimumVisualStudioVersion = 10.0.40219.1
Project("{FAE04EC0-301F-11D3-BF4B-00C04F79EFBC}") = "METHODS AND OBJECTS SUBMISSION", "METHODS AND OBJECTS SUBMISSION\METHODS AND OBJECTS SUBMISSION.csproj", "{60247A54-C326-4888-A69E-D7F6E2FFE0EF}"
EndProject
Global
	GlobalSection(SolutionConfigurationPlatforms) = preSolution
		Debug|Any CPU = Debug|Any CPU
		Release|Any CPU = Release|Any CPU
	EndGlobalSection
	GlobalSection(ProjectConfigurationPlatforms) = postSolution
		{60247A54-C326-4888-A69E-D7F6E2FFE0EF}.Debug|Any CPU.ActiveCfg = Debug|Any CPU
		{60247A54-C326-4888-A69E-D7F6E2FFE0EF}.Debug|Any CPU.Build.0 = Debug|Any CPU
		{60247A54-C326-4888-A69E-D7F6E2FFE0EF}.Release|Any CPU.ActiveCfg = Release|Any CPU
		{60247A54-C326-4888-A69E-D7F6E2FFE0EF}.Release|Any CPU.Build.0 = Release|Any CPU
	EndGlobalSection
	GlobalSection(SolutionProperties) = preSolution
		HideSolutionNode = FALSE
	EndGlobalSection
	GlobalSection(ExtensibilityGlobals) = postSolution
		SolutionGuid = {72899DCA-64D9-4340-A768-8A576A956D92}
	EndGlobalSection
EndGlobal
