
Microsoft Visual Studio Solution File, Format Version 12.00
# Visual Studio Version 16
VisualStudioVersion = 16.0.33927.289
MinimumVisualStudioVersion = 10.0.40219.1
Project("{FAE04EC0-301F-11D3-BF4B-00C04F79EFBC}") = "PARAMETERS", "PARAMETERS\PARAMETERS.csproj", "{2C7A7A3C-A51F-4C10-8838-9D68F91DD6F0}"
EndProject
Global
	GlobalSection(SolutionConfigurationPlatforms) = preSolution
		Debug|Any CPU = Debug|Any CPU
		Release|Any CPU = Release|Any CPU
	EndGlobalSection
	GlobalSection(ProjectConfigurationPlatforms) = postSolution
		{2C7A7A3C-A51F-4C10-8838-9D68F91DD6F0}.Debug|Any CPU.ActiveCfg = Debug|Any CPU
		{2C7A7A3C-A51F-4C10-8838-9D68F91DD6F0}.Debug|Any CPU.Build.0 = Debug|Any CPU
		{2C7A7A3C-A51F-4C10-8838-9D68F91DD6F0}.Release|Any CPU.ActiveCfg = Release|Any CPU
		{2C7A7A3C-A51F-4C10-8838-9D68F91DD6F0}.Release|Any CPU.Build.0 = Release|Any CPU
	EndGlobalSection
	GlobalSection(SolutionProperties) = preSolution
		HideSolutionNode = FALSE
	EndGlobalSection
	GlobalSection(ExtensibilityGlobals) = postSolution
		SolutionGuid = {E5BBE467-A0B9-47BB-9667-A7846EA93779}
	EndGlobalSection
EndGlobal
